
Microsoft Visual Studio Solution File, Format Version 12.00
# Visual Studio Version 16
VisualStudioVersion = 16.0.31515.178
MinimumVisualStudioVersion = 10.0.40219.1
Project("{FAE04EC0-301F-11D3-BF4B-00C04F79EFBC}") = "AracKullanimlari", "AracKullanimlari\AracKullanimlari.csproj", "{1E717913-8CBC-4A0C-B694-4E32E216645F}"
EndProject
Project("{FAE04EC0-301F-11D3-BF4B-00C04F79EFBC}") = "UcusRezervasyonSistemi", "UcusRezervasyonSistemi\UcusRezervasyonSistemi.csproj", "{862DF9DE-A8EC-4466-9535-469E16BEE7D3}"
EndProject
Project("{FAE04EC0-301F-11D3-BF4B-00C04F79EFBC}") = "SinemaBufeSatısSistemi", "SinemaBufeSatısSistemi\SinemaBufeSatısSistemi.csproj", "{2C9ABA8C-2DE7-45B3-9AB0-219413EE77F2}"
EndProject
Project("{FAE04EC0-301F-11D3-BF4B-00C04F79EFBC}") = "BilgiYarismasi", "BilgiYarismasi\BilgiYarismasi.csproj", "{DCF31AC6-62F1-41DF-A0A0-CF5C9CDB30C0}"
EndProject
Project("{FAE04EC0-301F-11D3-BF4B-00C04F79EFBC}") = "PastaPisirmeSurecUygulamasi", "PastaPisirmeSurecUygulamasi\PastaPisirmeSurecUygulamasi.csproj", "{4D43F42F-389C-4CC6-90D1-21CCE89BA269}"
EndProject
Project("{FAE04EC0-301F-11D3-BF4B-00C04F79EFBC}") = "SinemaFragmanSistemi", "SinemaFragmanSistemi\SinemaFragmanSistemi.csproj", "{78BFF73C-39C0-46E1-A33A-6D8125753D2C}"
EndProject
Project("{FAE04EC0-301F-11D3-BF4B-00C04F79EFBC}") = "PersonelKayitSistemi", "PersonelKayitSistemi\PersonelKayitSistemi.csproj", "{9CDBC972-B19D-4445-ACEA-4CA115478AED}"
EndProject
Project("{FAE04EC0-301F-11D3-BF4B-00C04F79EFBC}") = "HastaneYönetimVeRandevuSistemi", "HastaneYönetimVeRandevuSistemi\HastaneYönetimVeRandevuSistemi.csproj", "{C3EA20E4-4249-46F6-B925-06617BB3FEDC}"
EndProject
Project("{FAE04EC0-301F-11D3-BF4B-00C04F79EFBC}") = "KitaplikSistemi", "KitaplikSistemi\KitaplikSistemi.csproj", "{D8E99A5F-5CD6-42AB-ACE0-88AAA20CD40D}"
EndProject
Global
	GlobalSection(SolutionConfigurationPlatforms) = preSolution
		Debug|Any CPU = Debug|Any CPU
		Release|Any CPU = Release|Any CPU
	EndGlobalSection
	GlobalSection(ProjectConfigurationPlatforms) = postSolution
		{1E717913-8CBC-4A0C-B694-4E32E216645F}.Debug|Any CPU.ActiveCfg = Debug|Any CPU
		{1E717913-8CBC-4A0C-B694-4E32E216645F}.Debug|Any CPU.Build.0 = Debug|Any CPU
		{1E717913-8CBC-4A0C-B694-4E32E216645F}.Release|Any CPU.ActiveCfg = Release|Any CPU
		{1E717913-8CBC-4A0C-B694-4E32E216645F}.Release|Any CPU.Build.0 = Release|Any CPU
		{862DF9DE-A8EC-4466-9535-469E16BEE7D3}.Debug|Any CPU.ActiveCfg = Debug|Any CPU
		{862DF9DE-A8EC-4466-9535-469E16BEE7D3}.Debug|Any CPU.Build.0 = Debug|Any CPU
		{862DF9DE-A8EC-4466-9535-469E16BEE7D3}.Release|Any CPU.ActiveCfg = Release|Any CPU
		{862DF9DE-A8EC-4466-9535-469E16BEE7D3}.Release|Any CPU.Build.0 = Release|Any CPU
		{2C9ABA8C-2DE7-45B3-9AB0-219413EE77F2}.Debug|Any CPU.ActiveCfg = Debug|Any CPU
		{2C9ABA8C-2DE7-45B3-9AB0-219413EE77F2}.Debug|Any CPU.Build.0 = Debug|Any CPU
		{2C9ABA8C-2DE7-45B3-9AB0-219413EE77F2}.Release|Any CPU.ActiveCfg = Release|Any CPU
		{2C9ABA8C-2DE7-45B3-9AB0-219413EE77F2}.Release|Any CPU.Build.0 = Release|Any CPU
		{DCF31AC6-62F1-41DF-A0A0-CF5C9CDB30C0}.Debug|Any CPU.ActiveCfg = Debug|Any CPU
		{DCF31AC6-62F1-41DF-A0A0-CF5C9CDB30C0}.Debug|Any CPU.Build.0 = Debug|Any CPU
		{DCF31AC6-62F1-41DF-A0A0-CF5C9CDB30C0}.Release|Any CPU.ActiveCfg = Release|Any CPU
		{DCF31AC6-62F1-41DF-A0A0-CF5C9CDB30C0}.Release|Any CPU.Build.0 = Release|Any CPU
		{4D43F42F-389C-4CC6-90D1-21CCE89BA269}.Debug|Any CPU.ActiveCfg = Debug|Any CPU
		{4D43F42F-389C-4CC6-90D1-21CCE89BA269}.Debug|Any CPU.Build.0 = Debug|Any CPU
		{4D43F42F-389C-4CC6-90D1-21CCE89BA269}.Release|Any CPU.ActiveCfg = Release|Any CPU
		{4D43F42F-389C-4CC6-90D1-21CCE89BA269}.Release|Any CPU.Build.0 = Release|Any CPU
		{78BFF73C-39C0-46E1-A33A-6D8125753D2C}.Debug|Any CPU.ActiveCfg = Debug|Any CPU
		{78BFF73C-39C0-46E1-A33A-6D8125753D2C}.Debug|Any CPU.Build.0 = Debug|Any CPU
		{78BFF73C-39C0-46E1-A33A-6D8125753D2C}.Release|Any CPU.ActiveCfg = Release|Any CPU
		{78BFF73C-39C0-46E1-A33A-6D8125753D2C}.Release|Any CPU.Build.0 = Release|Any CPU
		{9CDBC972-B19D-4445-ACEA-4CA115478AED}.Debug|Any CPU.ActiveCfg = Debug|Any CPU
		{9CDBC972-B19D-4445-ACEA-4CA115478AED}.Debug|Any CPU.Build.0 = Debug|Any CPU
		{9CDBC972-B19D-4445-ACEA-4CA115478AED}.Release|Any CPU.ActiveCfg = Release|Any CPU
		{9CDBC972-B19D-4445-ACEA-4CA115478AED}.Release|Any CPU.Build.0 = Release|Any CPU
		{C3EA20E4-4249-46F6-B925-06617BB3FEDC}.Debug|Any CPU.ActiveCfg = Debug|Any CPU
		{C3EA20E4-4249-46F6-B925-06617BB3FEDC}.Debug|Any CPU.Build.0 = Debug|Any CPU
		{C3EA20E4-4249-46F6-B925-06617BB3FEDC}.Release|Any CPU.ActiveCfg = Release|Any CPU
		{C3EA20E4-4249-46F6-B925-06617BB3FEDC}.Release|Any CPU.Build.0 = Release|Any CPU
		{D8E99A5F-5CD6-42AB-ACE0-88AAA20CD40D}.Debug|Any CPU.ActiveCfg = Debug|Any CPU
		{D8E99A5F-5CD6-42AB-ACE0-88AAA20CD40D}.Debug|Any CPU.Build.0 = Debug|Any CPU
		{D8E99A5F-5CD6-42AB-ACE0-88AAA20CD40D}.Release|Any CPU.ActiveCfg = Release|Any CPU
		{D8E99A5F-5CD6-42AB-ACE0-88AAA20CD40D}.Release|Any CPU.Build.0 = Release|Any CPU
	EndGlobalSection
	GlobalSection(SolutionProperties) = preSolution
		HideSolutionNode = FALSE
	EndGlobalSection
	GlobalSection(ExtensibilityGlobals) = postSolution
		SolutionGuid = {9DAFBFA2-4F83-4FBC-90B5-747078D566B1}
	EndGlobalSection
EndGlobal
